
Microsoft Visual Studio Solution File, Format Version 12.00
Project("{FAE04EC0-301F-11D3-BF4B-00C04F79EFBC}") = "TerminalLib", "TerminalLib\TerminalLib.csproj", "{26CA589A-36C6-40BE-B16D-E04DC99A463F}"
EndProject
Project("{FAE04EC0-301F-11D3-BF4B-00C04F79EFBC}") = "TerminalApp", "TerminalApp\TerminalApp.csproj", "{D632088D-4443-4FBE-95F4-233B0411A613}"
EndProject
Global
	GlobalSection(SolutionConfigurationPlatforms) = preSolution
		Debug|Any CPU = Debug|Any CPU
		Release|Any CPU = Release|Any CPU
	EndGlobalSection
	GlobalSection(ProjectConfigurationPlatforms) = postSolution
		{26CA589A-36C6-40BE-B16D-E04DC99A463F}.Debug|Any CPU.ActiveCfg = Debug|Any CPU
		{26CA589A-36C6-40BE-B16D-E04DC99A463F}.Debug|Any CPU.Build.0 = Debug|Any CPU
		{26CA589A-36C6-40BE-B16D-E04DC99A463F}.Release|Any CPU.ActiveCfg = Release|Any CPU
		{26CA589A-36C6-40BE-B16D-E04DC99A463F}.Release|Any CPU.Build.0 = Release|Any CPU
		{D632088D-4443-4FBE-95F4-233B0411A613}.Debug|Any CPU.ActiveCfg = Debug|Any CPU
		{D632088D-4443-4FBE-95F4-233B0411A613}.Debug|Any CPU.Build.0 = Debug|Any CPU
		{D632088D-4443-4FBE-95F4-233B0411A613}.Release|Any CPU.ActiveCfg = Release|Any CPU
		{D632088D-4443-4FBE-95F4-233B0411A613}.Release|Any CPU.Build.0 = Release|Any CPU
	EndGlobalSection
EndGlobal
